
Microsoft Visual Studio Solution File, Format Version 12.00
# Visual Studio 2013
VisualStudioVersion = 12.0.31101.0
MinimumVisualStudioVersion = 10.0.40219.1
Project("{FAE04EC0-301F-11D3-BF4B-00C04F79EFBC}") = "W3000.Host", "W3000.Host\W3000.Host.csproj", "{129AFF24-F29D-4F5E-98B7-A08E025B3F8F}"
EndProject
Project("{FAE04EC0-301F-11D3-BF4B-00C04F79EFBC}") = "W3000.Manager", "W3000.Manager\W3000.Manager.csproj", "{19346779-261F-436E-8CE6-BDC1A8824E89}"
EndProject
Project("{FAE04EC0-301F-11D3-BF4B-00C04F79EFBC}") = "W3000.Startup", "W3000.Startup\W3000.Startup.csproj", "{06BAD4F2-497D-4AAE-BF58-23433A38A81B}"
EndProject
Global
	GlobalSection(SolutionConfigurationPlatforms) = preSolution
		Debug|Any CPU = Debug|Any CPU
		Release|Any CPU = Release|Any CPU
	EndGlobalSection
	GlobalSection(ProjectConfigurationPlatforms) = postSolution
		{129AFF24-F29D-4F5E-98B7-A08E025B3F8F}.Debug|Any CPU.ActiveCfg = Debug|Any CPU
		{129AFF24-F29D-4F5E-98B7-A08E025B3F8F}.Debug|Any CPU.Build.0 = Debug|Any CPU
		{129AFF24-F29D-4F5E-98B7-A08E025B3F8F}.Release|Any CPU.ActiveCfg = Release|Any CPU
		{129AFF24-F29D-4F5E-98B7-A08E025B3F8F}.Release|Any CPU.Build.0 = Release|Any CPU
		{19346779-261F-436E-8CE6-BDC1A8824E89}.Debug|Any CPU.ActiveCfg = Debug|Any CPU
		{19346779-261F-436E-8CE6-BDC1A8824E89}.Debug|Any CPU.Build.0 = Debug|Any CPU
		{19346779-261F-436E-8CE6-BDC1A8824E89}.Release|Any CPU.ActiveCfg = Release|Any CPU
		{19346779-261F-436E-8CE6-BDC1A8824E89}.Release|Any CPU.Build.0 = Release|Any CPU
		{06BAD4F2-497D-4AAE-BF58-23433A38A81B}.Debug|Any CPU.ActiveCfg = Debug|Any CPU
		{06BAD4F2-497D-4AAE-BF58-23433A38A81B}.Debug|Any CPU.Build.0 = Debug|Any CPU
		{06BAD4F2-497D-4AAE-BF58-23433A38A81B}.Release|Any CPU.ActiveCfg = Release|Any CPU
		{06BAD4F2-497D-4AAE-BF58-23433A38A81B}.Release|Any CPU.Build.0 = Release|Any CPU
	EndGlobalSection
	GlobalSection(SolutionProperties) = preSolution
		HideSolutionNode = FALSE
	EndGlobalSection
EndGlobal
