
Microsoft Visual Studio Solution File, Format Version 12.00
# Visual Studio 2013
VisualStudioVersion = 12.0.31101.0
MinimumVisualStudioVersion = 10.0.40219.1
Project("{FAE04EC0-301F-11D3-BF4B-00C04F79EFBC}") = "W3000.FacadeService", "W3000.FacadeService\W3000.FacadeService.csproj", "{E33E2C62-07CC-4E00-A1C6-7AE275B4F87F}"
EndProject
Project("{FAE04EC0-301F-11D3-BF4B-00C04F79EFBC}") = "W3000.FacadeServiceWrapper", "W3000.FacadeServiceWrapper\W3000.FacadeServiceWrapper.csproj", "{79549DF4-95B1-4237-940C-4D465169E55E}"
EndProject
Project("{FAE04EC0-301F-11D3-BF4B-00C04F79EFBC}") = "W3000.IFacadeService", "W3000.IFacadeService\W3000.IFacadeService.csproj", "{310963C5-CFAA-4458-86B1-759F298F70D1}"
EndProject
Global
	GlobalSection(SolutionConfigurationPlatforms) = preSolution
		Debug|Any CPU = Debug|Any CPU
		Release|Any CPU = Release|Any CPU
	EndGlobalSection
	GlobalSection(ProjectConfigurationPlatforms) = postSolution
		{E33E2C62-07CC-4E00-A1C6-7AE275B4F87F}.Debug|Any CPU.ActiveCfg = Debug|Any CPU
		{E33E2C62-07CC-4E00-A1C6-7AE275B4F87F}.Debug|Any CPU.Build.0 = Debug|Any CPU
		{E33E2C62-07CC-4E00-A1C6-7AE275B4F87F}.Release|Any CPU.ActiveCfg = Release|Any CPU
		{E33E2C62-07CC-4E00-A1C6-7AE275B4F87F}.Release|Any CPU.Build.0 = Release|Any CPU
		{79549DF4-95B1-4237-940C-4D465169E55E}.Debug|Any CPU.ActiveCfg = Debug|Any CPU
		{79549DF4-95B1-4237-940C-4D465169E55E}.Debug|Any CPU.Build.0 = Debug|Any CPU
		{79549DF4-95B1-4237-940C-4D465169E55E}.Release|Any CPU.ActiveCfg = Release|Any CPU
		{79549DF4-95B1-4237-940C-4D465169E55E}.Release|Any CPU.Build.0 = Release|Any CPU
		{310963C5-CFAA-4458-86B1-759F298F70D1}.Debug|Any CPU.ActiveCfg = Debug|Any CPU
		{310963C5-CFAA-4458-86B1-759F298F70D1}.Debug|Any CPU.Build.0 = Debug|Any CPU
		{310963C5-CFAA-4458-86B1-759F298F70D1}.Release|Any CPU.ActiveCfg = Release|Any CPU
		{310963C5-CFAA-4458-86B1-759F298F70D1}.Release|Any CPU.Build.0 = Release|Any CPU
	EndGlobalSection
	GlobalSection(SolutionProperties) = preSolution
		HideSolutionNode = FALSE
	EndGlobalSection
EndGlobal
